
Microsoft Visual Studio Solution File, Format Version 12.00
# Visual Studio Version 16
VisualStudioVersion = 16.0.33027.164
MinimumVisualStudioVersion = 10.0.40219.1
Project("{FAE04EC0-301F-11D3-BF4B-00C04F79EFBC}") = "Ascii Art", "Ascii Art.csproj", "{BC7BCC78-DEC0-479D-B0FE-006355A1A701}"
EndProject
Global
	GlobalSection(SolutionConfigurationPlatforms) = preSolution
		Debug|Any CPU = Debug|Any CPU
		Release|Any CPU = Release|Any CPU
	EndGlobalSection
	GlobalSection(ProjectConfigurationPlatforms) = postSolution
		{BC7BCC78-DEC0-479D-B0FE-006355A1A701}.Debug|Any CPU.ActiveCfg = Debug|Any CPU
		{BC7BCC78-DEC0-479D-B0FE-006355A1A701}.Debug|Any CPU.Build.0 = Debug|Any CPU
		{BC7BCC78-DEC0-479D-B0FE-006355A1A701}.Release|Any CPU.ActiveCfg = Release|Any CPU
		{BC7BCC78-DEC0-479D-B0FE-006355A1A701}.Release|Any CPU.Build.0 = Release|Any CPU
	EndGlobalSection
	GlobalSection(SolutionProperties) = preSolution
		HideSolutionNode = FALSE
	EndGlobalSection
	GlobalSection(ExtensibilityGlobals) = postSolution
		SolutionGuid = {C896CF04-51A2-4BA8-9AF8-B1019B4D2BB2}
	EndGlobalSection
EndGlobal
